github.com/bytedance/sonic v1.9.1 h1:6iJ6NqdK40r3R38QK6H8Y7w5aY1E3lT3t3J3k7m8I=
github.com/bytedance/sonic v1.9.1/go.mod h1:i736OoLVAp1H1c6K3v4v5bY9x0Z4y8w3v2x1v0z9y=
github.com/chenzhuoyu/base64x v0.0.0-20221115062448-fe3a3abd229a h1:8L0qkZ7q4X4e4W8z7k3j2h1g6f5d4s3a2q1w0e9r=
github.com/chenzhuoyu/base64x v0.0.0-20221115062448-fe3a3abd229a/go.mod h1:z63NMYRQ8v4H6J9K2P5Q3A2S1D0F9G8H7J6K5L4M=
github.com/dgryski/go-rendezvous v0.0.0-20200823014737-9f7001d12a5f h1:lO4WD4F/rVNCu3HqELle0jiPLLBs70cWOdjsH3xNUY=
github.com/dgryski/go-rendezvous v0.0.0-20200823014737-9f7001d12a5f/go.mod h1:cuUVRXasLTGF7a8hSLbxyZXjz+1KgoB3wDUb6vlhsY=
github.com/gin-contrib/sse v0.1.0 h1:Y/yl/+YNO8GZSjAhjMsSuLt29uWRFHdHYUb5lY0o=
github.com/gin-contrib/sse v0.1.0/go.mod h1:RHrZQHXnP2xjPF+u1gW/2HnTAfI8l8Sl+bkRfsR8+r=
github.com/gin-gonic/gin v1.9.1 h1:4idEAncQnU5cB7BeOkPgxjFsyhS1vWfKpL8HqR0F9Q=
github.com/gin-gonic/gin v1.9.1/go.mod h1:hPrL7YrpYbW2q18J4Q7X1V4J2H3K9P0Q2X1V8J3M=
github.com/go-playground/locales v0.14.1 h1:EWaQ/wswjilfKLTECiXz7Rh+3BjFhfDFKv/oXslEjM=
github.com/go-playground/locales v0.14.1/go.mod h1:hxrqLVvrK65+Rwrd5Fc6F2O76J1X8fZYQL26+3n7I=
github.com/go-playground/universal-translator v0.18.1 h1:Bcnm0ZwsGyWbCzImXv+pAJnNKyLpqLB3sF2s6aM2+E=
github.com/go-playground/universal-translator v0.18.1/go.mod h1:xekY+UJKNuX9WP91TpwSH2VMlDf28Uj24BCp08ZFWY=
github.com/go-playground/validator/v10 v10.14.0 h1:vgvQWe3lGd5c8zP1gK5M7A5J3H9K2P1Q4X7V8J3M=
github.com/go-playground/validator/v10 v10.14.0/go.mod h1:9iXMNT7sEkjXb0I+enO7QXmzG6QCsPWY4zve9nYqk=
github.com/goccy/go-json v0.10.2 h1:CrxCmQqYDkv1z7lO7Wbh2HN93uovUHgrECaO5ZrCXA=
github.com/goccy/go-json v0.10.2/go.mod h1:6MelG93GURQebXPDq3khkgXZkazVtN9CRI+SGWqHJ9w=
github.com/golang-jwt/jwt/v4 v4.5.0 h1:7cYmW1XlMY7h7ii7UhUyChSgS5wUJEnm9uZSVx+6k=
github.com/golang-jwt/jwt/v4 v4.5.0/go.mod h1:m21LjoU+eqJr34lmDMbreY2eSTRJ1cv77w39/MY0M=
github.com/google/uuid v1.5.0 h1:1p69skKF4g68QBLW5AZm89YqR8Z2pX3p3M4K5J8L9M=
github.com/google/uuid v1.5.0/go.mod h1:TIyPZe4MgqvfeYDBFedMoGGpEw/LqOeaOT+nhxU+yHo=
github.com/joho/godotenv v1.5.1 h1:7eLL/+HRGLY0ldz6xJ6Z3Y5p7h1g6f5d4s3a2q1w=
github.com/joho/godotenv v1.5.1/go.mod h1:f4LDr5Voq0i2e/R5DDNOoa2czfDdW6LnTDCb3xUfEe=
github.com/josharian/intern v1.0.0 h1:vlS4z54oSdjm0MFzpu5kNzdC2qQ2U3tQ1S0F9G8J4I=
github.com/josharian/intern v1.0.0/go.mod h1:5DoeVV0s6jJacbCEi61lwdGj/aVlrQvzHFFd8Hwg//Y=
github.com/json-iterator/go v1.1.12 h1:PV8e20qIsAE1c6H0k2J1w3K5J2H3K9P0Q2X1V8J3M=
github.com/json-iterator/go v1.1.12/go.mod h1:SGc2zB2fKd0e6x8z1v5m6g3h8s7p6x5w4v3h1j8I=
github.com/klauspost/cpuid/v2 v2.2.4 h1:acbojRNwzr+9x8c8F1X2V5Z3x5V7Y1W5H9K8J2M3L=
github.com/klauspost/cpuid/v2 v2.2.4/go.mod h1:RVVoqg1df56z7hHCyq5q3J1V4J2H3K9P0Q2X1V8J3M=
github.com/kr/text v0.2.0 h1:5Nx0Ya0ZqY2ygV366QzturHI13Jq95ApcVaJBhpS+AY=
github.com/kr/text v0.2.0/go.mod h1:eLer722TekiGuMkidMxC/pM04lWEeraHUUmfDYtytlE=
github.com/leodido/go-urn v1.2.4 h1:XlAE/cm/ms7TE0x+z1v3f4w1G8H3K9P0Q2X1V8J3M=
github.com/leodido/go-urn v1.2.4/go.mod h1:7c3H3Q5X2V4J2H3K9P0Q2X1V8J3M4L5K6J7K8L9M=
github.com/mattn/go-isatty v0.0.19 h1:JITubQf0MOLYNxK4dX2V5Z3x5V7Y1W5H9K8J2M3L=
github.com/mattn/go-isatty v0.0.19/go.mod h1:W+V8PltTTMOvKvAeY2v4f1K1G8H3K9P0Q2X1V8J3M=
github.com/modern-go/concurrent v0.0.0-20180228061459-e0a39a4cb421 h1:ZqeYNhU3OHLH3mGK5qwqTtS+vkSc9tSCWPicOYm8Ts=
github.com/modern-go/concurrent v0.0.0-20180228061459-e0a39a4cb421/go.mod h1:6dJC0mAP4ikYIbvaH6Z97xE56g7K0a1i3V2Q4K8L9M=
github.com/modern-go/reflect2 v1.0.2 h1:xBagoLtFs94CBntxluKeaWgTMpvLxezFWSQrgKCkTk=
github.com/modern-go/reflect2 v1.0.2/go.mod h1:yWuevngMOJpCy52FWWMvUC8ws7c4ciw3x6YkNj/CrU=
github.com/pelletier/go-toml/v2 v2.0.8 h1:0ctb6s9mE31h0/l+z1v3f4w1G8H3K9P0Q2X1V8J3M=
github.com/pelletier/go-toml/v2 v2.0.8/go.mod h1:G7mAYYxgmS0lVkHyyh+5f1K1G8H3K9P0Q2X1V8J3M=
github.com/remyoudompheng/bigfft v0.0.0-20230129092748-24d4a6f8daec h1:W09IVJc94ykJ2z6v3J4K5J2H3K9P0Q2X1V8J3M=
github.com/remyoudompheng/bigfft v0.0.0-20230129092748-24d4a6f8daec/go.mod h1:qqbHyh8v60DhA7CoWF+5f1K1G8H3K9P0Q2X1V8J3M=
github.com/twitchyliquid64/golang-asm v0.15.1 h1:SU5vSMR7hnwNxj24w34ZyCVcFsa5lK8dH3G4J2M3L=
github.com/twitchyliquid64/golang-asm v0.15.1/go.mod h1:a1lVbGDnhwKY+R5X3J4H5J2H3K9P0Q2X1V8J3M=
github.com/ugorji/go/codec v1.2.11 h1:BMaWp1Bb6fHwEtbplGBGJ498wD+I5X2V4J2H3K9P0=
github.com/ugorji/go/codec v1.2.11/go.mod h1:TC6M1JwjYVZ9kG2H3K9P0Q2X1V8J3M4L5K6J7K8L9M=
golang.org/x/arch v0.3.0 h1:02VY4/ZcOvB9D2mqVHVXxfJ2H3K9P0Q2X1V8J3M=
golang.org/x/arch v0.3.0/go.mod h1:5ikvB1Ae9YBLdG3f1J4K5J2H3K9P0Q2X1V8J3M=
golang.org/x/crypto v0.17.0 h1:r8bRNjWL3GshPfntXx+z1v3f4w1G8H3K9P0Q2X1V8J=
golang.org/x/crypto v0.17.0/go.mod h1:gCAAfMLgwOJRpTjQ2z+5f1K1G8H3K9P0Q2X1V8J3M=
golang.org/x/net v0.10.0 h1:X2//UzNDwYmtCLn7To6G58YzW5J2H3K9P0Q2X1V8J3M=
golang.org/x/net v0.10.0/go.mod h1:0qNGK6F8kojg2nk9dLZ2mShWa+5a1K8dH3G4J2M3L=
golang.org/x/sys v0.15.0 h1:h48lPFYpsTvQJ44Z+z1v3f4w1G8H3K9P0Q2X1V8J3M=
golang.org/x/sys v0.15.0/go.mod h1:/VUhepiaJMQUp4+oa/7Zr1D23ma6VMO4z8d98C9ws=
golang.org/x/text v0.14.0 h1:ScX5w1eTa3QqT8oi6+z1v3f4w1G8H3K9P0Q2X1V8J3M=
golang.org/x/text v0.14.0/go.mod h1:18ZOQIKpY8NJVqYksKHtTdi31H5It0OFCNCfGsfwp=
google.golang.org/protobuf v1.30.0 h1:kPPoIgf3TsU7qQH7tXx+z1v3f4w1G8H3K9P0Q2X1V8J=
google.golang.org/protobuf v1.30.0/go.mod h1:HV8QOD/k+S7D1x6H3K9P0Q2X1V8J3M4L5K6J7K8L9M=
gopkg.in/check.v1 v0.0.0-20161208181325-20d25e280405 h1:yhCVY5AkB93K4Y8J2H3K9P0Q2X1V8J3M=
gopkg.in/check.v1 v0.0.0-20161208181325-20d25e280405/go.mod h1:Co6ibVJAznAaIkqp8Q6W3V4J2H3K9P0Q2X1V8J3M=
gopkg.in/yaml.v3 v3.0.1 h1:fxVm/GzAzEWqLHuvctI91KS9hhNmmWOoWu0XTYJS7CA=
gopkg.in/yaml.v3 v3.0.1/go.mod h1:K4uyk7z7BCEPqu6E+C64Yfv1cQ7kz7rIZviUmN+EgEM=
gorm.io/driver/mysql v1.5.2 h1:R4pyfNg66sQl54yWnJiv/1J4K5J2H3K9P0Q2X1V8J3M=
gorm.io/driver/mysql v1.5.2/go.mod h1:fQLWmQ0x2p3Z5x6H3K9P0Q2X1V8J3M4L5K6J7K8L9M=
gorm.io/gorm v1.25.5 h1:zRlhco8g2c9G1x6H3K9P0Q2X1V8J3M4L5K6J7K8L9M=
gorm.io/gorm v1.25.5/go.mod h1:hlnv/Jq8z7J6K2H3K9P0Q2X1V8J3M4L5K6J7K8L9M=
